
Microsoft Visual Studio Solution File, Format Version 9.00
# Visual Studio 2005
Project("{8BC9CEB8-8B4A-11D0-8D11-00A0C91BC942}") = "dynapoly", "dynapoly.vcproj", "{F1E7A4BD-F27B-4041-878E-5420E853F340}"
EndProject
Global
	GlobalSection(SolutionConfigurationPlatforms) = preSolution
		Debug|Win32 = Debug|Win32
		Release|Win32 = Release|Win32
	EndGlobalSection
	GlobalSection(ProjectConfigurationPlatforms) = postSolution
		{F1E7A4BD-F27B-4041-878E-5420E853F340}.Debug|Win32.ActiveCfg = Debug|Win32
		{F1E7A4BD-F27B-4041-878E-5420E853F340}.Debug|Win32.Build.0 = Debug|Win32
		{F1E7A4BD-F27B-4041-878E-5420E853F340}.Release|Win32.ActiveCfg = Release|Win32
		{F1E7A4BD-F27B-4041-878E-5420E853F340}.Release|Win32.Build.0 = Release|Win32
	EndGlobalSection
	GlobalSection(SolutionProperties) = preSolution
		HideSolutionNode = FALSE
	EndGlobalSection
EndGlobal
