
Microsoft Visual Studio Solution File, Format Version 9.00
# Visual Studio 2005
Project("{8BC9CEB8-8B4A-11D0-8D11-00A0C91BC942}") = "namedarg", "namedarg.vcproj", "{CB379C84-4DDF-441E-B1E6-153A6D9FA131}"
EndProject
Global
	GlobalSection(SolutionConfigurationPlatforms) = preSolution
		Debug|Win32 = Debug|Win32
		Release|Win32 = Release|Win32
	EndGlobalSection
	GlobalSection(ProjectConfigurationPlatforms) = postSolution
		{CB379C84-4DDF-441E-B1E6-153A6D9FA131}.Debug|Win32.ActiveCfg = Debug|Win32
		{CB379C84-4DDF-441E-B1E6-153A6D9FA131}.Debug|Win32.Build.0 = Debug|Win32
		{CB379C84-4DDF-441E-B1E6-153A6D9FA131}.Release|Win32.ActiveCfg = Release|Win32
		{CB379C84-4DDF-441E-B1E6-153A6D9FA131}.Release|Win32.Build.0 = Release|Win32
	EndGlobalSection
	GlobalSection(SolutionProperties) = preSolution
		HideSolutionNode = FALSE
	EndGlobalSection
EndGlobal
