
Microsoft Visual Studio Solution File, Format Version 9.00
# Visual Studio 2005
Project("{8BC9CEB8-8B4A-11D0-8D11-00A0C91BC942}") = "tpnm", "tpnm.vcproj", "{C95C8F54-CC7E-4FC6-9669-3099CA95ADEE}"
EndProject
Global
	GlobalSection(SolutionConfigurationPlatforms) = preSolution
		Debug|Win32 = Debug|Win32
		Release|Win32 = Release|Win32
	EndGlobalSection
	GlobalSection(ProjectConfigurationPlatforms) = postSolution
		{C95C8F54-CC7E-4FC6-9669-3099CA95ADEE}.Debug|Win32.ActiveCfg = Debug|Win32
		{C95C8F54-CC7E-4FC6-9669-3099CA95ADEE}.Debug|Win32.Build.0 = Debug|Win32
		{C95C8F54-CC7E-4FC6-9669-3099CA95ADEE}.Release|Win32.ActiveCfg = Release|Win32
		{C95C8F54-CC7E-4FC6-9669-3099CA95ADEE}.Release|Win32.Build.0 = Release|Win32
	EndGlobalSection
	GlobalSection(SolutionProperties) = preSolution
		HideSolutionNode = FALSE
	EndGlobalSection
EndGlobal
