
Microsoft Visual Studio Solution File, Format Version 9.00
# Visual Studio 2005
Project("{8BC9CEB8-8B4A-11D0-8D11-00A0C91BC942}") = "typeop", "typeop.vcproj", "{695644F9-C770-41F0-BEC8-0F4BCE92F91C}"
EndProject
Global
	GlobalSection(SolutionConfigurationPlatforms) = preSolution
		Debug|Win32 = Debug|Win32
		Release|Win32 = Release|Win32
	EndGlobalSection
	GlobalSection(ProjectConfigurationPlatforms) = postSolution
		{695644F9-C770-41F0-BEC8-0F4BCE92F91C}.Debug|Win32.ActiveCfg = Debug|Win32
		{695644F9-C770-41F0-BEC8-0F4BCE92F91C}.Debug|Win32.Build.0 = Debug|Win32
		{695644F9-C770-41F0-BEC8-0F4BCE92F91C}.Release|Win32.ActiveCfg = Release|Win32
		{695644F9-C770-41F0-BEC8-0F4BCE92F91C}.Release|Win32.Build.0 = Release|Win32
	EndGlobalSection
	GlobalSection(SolutionProperties) = preSolution
		HideSolutionNode = FALSE
	EndGlobalSection
EndGlobal
