
Microsoft Visual Studio Solution File, Format Version 9.00
# Visual Studio 2005
Project("{8BC9CEB8-8B4A-11D0-8D11-00A0C91BC942}") = "scalar", "scalar.vcproj", "{9C87C44B-9B46-4CD6-8F4F-543A2F3596BF}"
EndProject
Global
	GlobalSection(SolutionConfigurationPlatforms) = preSolution
		Debug|Win32 = Debug|Win32
		Release|Win32 = Release|Win32
	EndGlobalSection
	GlobalSection(ProjectConfigurationPlatforms) = postSolution
		{9C87C44B-9B46-4CD6-8F4F-543A2F3596BF}.Debug|Win32.ActiveCfg = Debug|Win32
		{9C87C44B-9B46-4CD6-8F4F-543A2F3596BF}.Debug|Win32.Build.0 = Debug|Win32
		{9C87C44B-9B46-4CD6-8F4F-543A2F3596BF}.Release|Win32.ActiveCfg = Release|Win32
		{9C87C44B-9B46-4CD6-8F4F-543A2F3596BF}.Release|Win32.Build.0 = Release|Win32
	EndGlobalSection
	GlobalSection(SolutionProperties) = preSolution
		HideSolutionNode = FALSE
	EndGlobalSection
EndGlobal
